
Microsoft Visual Studio Solution File, Format Version 12.00
# Visual Studio 15
VisualStudioVersion = 15.0.27703.2035
MinimumVisualStudioVersion = 10.0.40219.1
Project("{FAE04EC0-301F-11D3-BF4B-00C04F79EFBC}") = "06-函数", "06-函数\06-函数.csproj", "{03C65842-979E-4790-A1C1-5CB81F501D29}"
EndProject
Project("{FAE04EC0-301F-11D3-BF4B-00C04F79EFBC}") = "方法练习", "方法练习\方法练习.csproj", "{E8BAF100-470D-42CD-86B7-77F090DE7C36}"
EndProject
Project("{FAE04EC0-301F-11D3-BF4B-00C04F79EFBC}") = "out", "out\out.csproj", "{D55C0511-2AAD-4804-A91A-A96925CFB495}"
EndProject
Project("{FAE04EC0-301F-11D3-BF4B-00C04F79EFBC}") = "Ref参数", "Ref参数\Ref参数.csproj", "{14DED419-14E6-4B82-9773-629EE8A8EAC4}"
EndProject
Project("{FAE04EC0-301F-11D3-BF4B-00C04F79EFBC}") = "方法递归", "方法递归\方法递归.csproj", "{C0C9E167-17D2-4A9C-BABF-684DAF977619}"
EndProject
Project("{FAE04EC0-301F-11D3-BF4B-00C04F79EFBC}") = "方法综合练习", "方法综合练习\方法综合练习.csproj", "{31584BE1-1C26-4AFC-B677-618423125987}"
EndProject
Global
	GlobalSection(SolutionConfigurationPlatforms) = preSolution
		Debug|Any CPU = Debug|Any CPU
		Release|Any CPU = Release|Any CPU
	EndGlobalSection
	GlobalSection(ProjectConfigurationPlatforms) = postSolution
		{03C65842-979E-4790-A1C1-5CB81F501D29}.Debug|Any CPU.ActiveCfg = Debug|Any CPU
		{03C65842-979E-4790-A1C1-5CB81F501D29}.Debug|Any CPU.Build.0 = Debug|Any CPU
		{03C65842-979E-4790-A1C1-5CB81F501D29}.Release|Any CPU.ActiveCfg = Release|Any CPU
		{03C65842-979E-4790-A1C1-5CB81F501D29}.Release|Any CPU.Build.0 = Release|Any CPU
		{E8BAF100-470D-42CD-86B7-77F090DE7C36}.Debug|Any CPU.ActiveCfg = Debug|Any CPU
		{E8BAF100-470D-42CD-86B7-77F090DE7C36}.Debug|Any CPU.Build.0 = Debug|Any CPU
		{E8BAF100-470D-42CD-86B7-77F090DE7C36}.Release|Any CPU.ActiveCfg = Release|Any CPU
		{E8BAF100-470D-42CD-86B7-77F090DE7C36}.Release|Any CPU.Build.0 = Release|Any CPU
		{D55C0511-2AAD-4804-A91A-A96925CFB495}.Debug|Any CPU.ActiveCfg = Debug|Any CPU
		{D55C0511-2AAD-4804-A91A-A96925CFB495}.Debug|Any CPU.Build.0 = Debug|Any CPU
		{D55C0511-2AAD-4804-A91A-A96925CFB495}.Release|Any CPU.ActiveCfg = Release|Any CPU
		{D55C0511-2AAD-4804-A91A-A96925CFB495}.Release|Any CPU.Build.0 = Release|Any CPU
		{14DED419-14E6-4B82-9773-629EE8A8EAC4}.Debug|Any CPU.ActiveCfg = Debug|Any CPU
		{14DED419-14E6-4B82-9773-629EE8A8EAC4}.Debug|Any CPU.Build.0 = Debug|Any CPU
		{14DED419-14E6-4B82-9773-629EE8A8EAC4}.Release|Any CPU.ActiveCfg = Release|Any CPU
		{14DED419-14E6-4B82-9773-629EE8A8EAC4}.Release|Any CPU.Build.0 = Release|Any CPU
		{C0C9E167-17D2-4A9C-BABF-684DAF977619}.Debug|Any CPU.ActiveCfg = Debug|Any CPU
		{C0C9E167-17D2-4A9C-BABF-684DAF977619}.Debug|Any CPU.Build.0 = Debug|Any CPU
		{C0C9E167-17D2-4A9C-BABF-684DAF977619}.Release|Any CPU.ActiveCfg = Release|Any CPU
		{C0C9E167-17D2-4A9C-BABF-684DAF977619}.Release|Any CPU.Build.0 = Release|Any CPU
		{31584BE1-1C26-4AFC-B677-618423125987}.Debug|Any CPU.ActiveCfg = Debug|Any CPU
		{31584BE1-1C26-4AFC-B677-618423125987}.Debug|Any CPU.Build.0 = Debug|Any CPU
		{31584BE1-1C26-4AFC-B677-618423125987}.Release|Any CPU.ActiveCfg = Release|Any CPU
		{31584BE1-1C26-4AFC-B677-618423125987}.Release|Any CPU.Build.0 = Release|Any CPU
	EndGlobalSection
	GlobalSection(SolutionProperties) = preSolution
		HideSolutionNode = FALSE
	EndGlobalSection
	GlobalSection(ExtensibilityGlobals) = postSolution
		SolutionGuid = {EDBA1188-5D6D-42B0-A4EE-6F44E71F6164}
	EndGlobalSection
EndGlobal
